
Microsoft Visual Studio Solution File, Format Version 12.00
# Visual Studio Version 17
VisualStudioVersion = 17.10.35013.160
MinimumVisualStudioVersion = 10.0.40219.1
Project("{2150E333-8FDC-42A3-9474-1A3956D46DE8}") = "Engine", "Engine", "{88BEFF1A-E01C-4301-9AD2-C9CC6AFA2523}"
EndProject
Project("{2150E333-8FDC-42A3-9474-1A3956D46DE8}") = "Framework", "Framework", "{D68E184D-61DF-48FD-8CBB-C38DF824DF3D}"
EndProject
Project("{8BC9CEB8-8B4A-11D0-8D11-00A0C91BC942}") = "Core", "Framework\Core\Core.vcxproj", "{22A4014B-8A83-4350-B984-1BDF5D2B32E4}"
EndProject
Project("{2150E333-8FDC-42A3-9474-1A3956D46DE8}") = "VGP242", "VGP242", "{DEF9AA60-C1B4-40DC-8D4F-7ECB194700F2}"
EndProject
Project("{8BC9CEB8-8B4A-11D0-8D11-00A0C91BC942}") = "01_HelloWindow", "VGP242\01_HelloWindow\01_HelloWindow.vcxproj", "{17E01DDC-FCB2-4CCF-B7AB-32E3EB61CCF9}"
EndProject
Project("{8BC9CEB8-8B4A-11D0-8D11-00A0C91BC942}") = "KwurkEngine", "Engine\KwurkEngine\KwurkEngine.vcxproj", "{699DD0EE-0335-44D8-BECD-7ED7238547C6}"
EndProject
Project("{8BC9CEB8-8B4A-11D0-8D11-00A0C91BC942}") = "Graphics", "Framework\Graphics\Graphics.vcxproj", "{6E41BBA1-9C8B-4D86-BC44-36F3CDFCE990}"
EndProject
Project("{2150E333-8FDC-42A3-9474-1A3956D46DE8}") = "External", "External", "{60365D82-4028-484A-9A45-7A2FB8180AE2}"
EndProject
Project("{8BC9CEB8-8B4A-11D0-8D11-00A0C91BC942}") = "DirectXTK_Desktop_2019", "External\DirectXTK\DirectXTK_Desktop_2019.vcxproj", "{E0B52AE7-E160-4D32-BF3F-910B785E5A8E}"
EndProject
Project("{8BC9CEB8-8B4A-11D0-8D11-00A0C91BC942}") = "Math", "Framework\Math\Math.vcxproj", "{5A231191-D010-4203-BEC4-3542EE3B13DA}"
EndProject
Project("{8BC9CEB8-8B4A-11D0-8D11-00A0C91BC942}") = "Input", "Framework\Input\Input.vcxproj", "{3629F01A-6FED-42EB-B308-E9F7F1346EAF}"
EndProject
Project("{8BC9CEB8-8B4A-11D0-8D11-00A0C91BC942}") = "02_HelloShapes", "VGP242\02_HelloShapes\02_HelloShapes.vcxproj", "{782B02CA-C842-4BAF-9CBA-6FCF68E3E632}"
EndProject
Project("{2150E333-8FDC-42A3-9474-1A3956D46DE8}") = "Assets", "Assets", "{DBDAF0CE-833D-4A1F-92A2-2F52DB6B3BEB}"
EndProject
Project("{2150E333-8FDC-42A3-9474-1A3956D46DE8}") = "Shaders", "Shaders", "{C289C4CC-A6CF-4B73-B6F9-7A4B58AEE2C6}"
	ProjectSection(SolutionItems) = preProject
		Assets\Shaders\CelShading.fx = Assets\Shaders\CelShading.fx
		Assets\Shaders\DoColor.fx = Assets\Shaders\DoColor.fx
		Assets\Shaders\DoTexture.fx = Assets\Shaders\DoTexture.fx
		Assets\Shaders\DoTransform.fx = Assets\Shaders\DoTransform.fx
		Assets\Shaders\GaussianBlur.fx = Assets\Shaders\GaussianBlur.fx
		Assets\Shaders\PostProcessing.fx = Assets\Shaders\PostProcessing.fx
		Assets\Shaders\Standard.fx = Assets\Shaders\Standard.fx
		Assets\Shaders\Terrain.fx = Assets\Shaders\Terrain.fx
	EndProjectSection
EndProject
Project("{8BC9CEB8-8B4A-11D0-8D11-00A0C91BC942}") = "03_HelloCube", "VGP242\03_HelloCube\03_HelloCube.vcxproj", "{DA1D02E5-5659-4A51-B661-352E73D36383}"
EndProject
Project("{8BC9CEB8-8B4A-11D0-8D11-00A0C91BC942}") = "04_HelloMeshBuilder", "VGP242\04_HelloMeshBuilder\04_HelloMeshBuilder.vcxproj", "{F7D56E35-F246-47ED-A0B9-F5DE89F5ACAF}"
EndProject
Project("{8BC9CEB8-8B4A-11D0-8D11-00A0C91BC942}") = "ImGui", "External\ImGui\ImGui.vcxproj", "{52D656A2-A2F4-4C54-A3C7-653427BED1E8}"
EndProject
Project("{8BC9CEB8-8B4A-11D0-8D11-00A0C91BC942}") = "05_HelloDebug", "VGP242\05_HelloDebug\05_HelloDebug.vcxproj", "{69F96718-B949-4708-98D5-8C114A7259E5}"
EndProject
Project("{8BC9CEB8-8B4A-11D0-8D11-00A0C91BC942}") = "06_HelloSimpleDraw", "VGP242\06_HelloSimpleDraw\06_HelloSimpleDraw.vcxproj", "{3EA25212-5593-4019-AFF4-1596FF94E1B4}"
EndProject
Project("{8BC9CEB8-8B4A-11D0-8D11-00A0C91BC942}") = "07_HelloRenderTarget", "VGP242\07_HelloRenderTarget\07_HelloRenderTarget.vcxproj", "{2E35959C-3808-4425-B869-548857A98AA8}"
EndProject
Project("{8BC9CEB8-8B4A-11D0-8D11-00A0C91BC942}") = "08_HelloSolarSystem", "VGP242\08_HelloSolarSystem\08_HelloSolarSystem.vcxproj", "{AA45E2F5-178C-44BE-A7A5-0842B9C8E3D6}"
EndProject
Project("{2150E333-8FDC-42A3-9474-1A3956D46DE8}") = "VPG330", "VPG330", "{34FD6C7F-77EB-4B1B-B900-5700AEF59AEA}"
EndProject
Project("{8BC9CEB8-8B4A-11D0-8D11-00A0C91BC942}") = "10_HelloLighting", "VGP330\10_HelloLighting\10_HelloLighting.vcxproj", "{B4109BD2-F0AC-4D3D-A324-AD7CBF2876CB}"
EndProject
Project("{8BC9CEB8-8B4A-11D0-8D11-00A0C91BC942}") = "11_HelloCelShading", "VGP330\11_HelloCelShading\11_HelloCelShading.vcxproj", "{8F1B3A7E-C359-4E7E-B12C-8EA35063ABD8}"
EndProject
Project("{2150E333-8FDC-42A3-9474-1A3956D46DE8}") = "Tools", "Tools", "{7E842648-E17B-48BC-8C6C-3DF22CFB4866}"
EndProject
Project("{8BC9CEB8-8B4A-11D0-8D11-00A0C91BC942}") = "ModelImporter", "Tools\ModelImporter\ModelImporter.vcxproj", "{98CAC53B-A0C3-4BD0-9DBC-C4E107CA3942}"
EndProject
Project("{8BC9CEB8-8B4A-11D0-8D11-00A0C91BC942}") = "12_HelloModel", "VGP330\12_HelloModel\12_HelloModel.vcxproj", "{9FFA0761-36BB-45CC-ACC2-6604C4FD888C}"
EndProject
Project("{8BC9CEB8-8B4A-11D0-8D11-00A0C91BC942}") = "13_HelloPostProcessing", "VGP330\13_HelloPostProcessing\13_HelloPostProcessing.vcxproj", "{CDD13C7D-4DDA-40ED-9898-4C869C81345D}"
EndProject
Project("{8BC9CEB8-8B4A-11D0-8D11-00A0C91BC942}") = "14_HelloGaussianBlur", "VGP330\14_HelloGaussianBlur\14_HelloGaussianBlur.vcxproj", "{8A6A5622-0466-41EB-A086-87BE4B09F40E}"
EndProject
Project("{8BC9CEB8-8B4A-11D0-8D11-00A0C91BC942}") = "15_HelloTerrain", "VGP330\15_HelloTerrain\15_HelloTerrain.vcxproj", "{D3B1C08E-1FF4-428B-9C9D-B543A8F28956}"
EndProject
Global
	GlobalSection(SolutionConfigurationPlatforms) = preSolution
		Debug|x64 = Debug|x64
		Debug|x86 = Debug|x86
		Release|x64 = Release|x64
		Release|x86 = Release|x86
	EndGlobalSection
	GlobalSection(ProjectConfigurationPlatforms) = postSolution
		{22A4014B-8A83-4350-B984-1BDF5D2B32E4}.Debug|x64.ActiveCfg = Debug|x64
		{22A4014B-8A83-4350-B984-1BDF5D2B32E4}.Debug|x64.Build.0 = Debug|x64
		{22A4014B-8A83-4350-B984-1BDF5D2B32E4}.Debug|x86.ActiveCfg = Debug|Win32
		{22A4014B-8A83-4350-B984-1BDF5D2B32E4}.Debug|x86.Build.0 = Debug|Win32
		{22A4014B-8A83-4350-B984-1BDF5D2B32E4}.Release|x64.ActiveCfg = Release|x64
		{22A4014B-8A83-4350-B984-1BDF5D2B32E4}.Release|x64.Build.0 = Release|x64
		{22A4014B-8A83-4350-B984-1BDF5D2B32E4}.Release|x86.ActiveCfg = Release|Win32
		{22A4014B-8A83-4350-B984-1BDF5D2B32E4}.Release|x86.Build.0 = Release|Win32
		{17E01DDC-FCB2-4CCF-B7AB-32E3EB61CCF9}.Debug|x64.ActiveCfg = Debug|x64
		{17E01DDC-FCB2-4CCF-B7AB-32E3EB61CCF9}.Debug|x64.Build.0 = Debug|x64
		{17E01DDC-FCB2-4CCF-B7AB-32E3EB61CCF9}.Debug|x86.ActiveCfg = Debug|Win32
		{17E01DDC-FCB2-4CCF-B7AB-32E3EB61CCF9}.Debug|x86.Build.0 = Debug|Win32
		{17E01DDC-FCB2-4CCF-B7AB-32E3EB61CCF9}.Release|x64.ActiveCfg = Release|x64
		{17E01DDC-FCB2-4CCF-B7AB-32E3EB61CCF9}.Release|x64.Build.0 = Release|x64
		{17E01DDC-FCB2-4CCF-B7AB-32E3EB61CCF9}.Release|x86.ActiveCfg = Release|Win32
		{17E01DDC-FCB2-4CCF-B7AB-32E3EB61CCF9}.Release|x86.Build.0 = Release|Win32
		{699DD0EE-0335-44D8-BECD-7ED7238547C6}.Debug|x64.ActiveCfg = Debug|x64
		{699DD0EE-0335-44D8-BECD-7ED7238547C6}.Debug|x64.Build.0 = Debug|x64
		{699DD0EE-0335-44D8-BECD-7ED7238547C6}.Debug|x86.ActiveCfg = Debug|Win32
		{699DD0EE-0335-44D8-BECD-7ED7238547C6}.Debug|x86.Build.0 = Debug|Win32
		{699DD0EE-0335-44D8-BECD-7ED7238547C6}.Release|x64.ActiveCfg = Release|x64
		{699DD0EE-0335-44D8-BECD-7ED7238547C6}.Release|x64.Build.0 = Release|x64
		{699DD0EE-0335-44D8-BECD-7ED7238547C6}.Release|x86.ActiveCfg = Release|Win32
		{699DD0EE-0335-44D8-BECD-7ED7238547C6}.Release|x86.Build.0 = Release|Win32
		{6E41BBA1-9C8B-4D86-BC44-36F3CDFCE990}.Debug|x64.ActiveCfg = Debug|x64
		{6E41BBA1-9C8B-4D86-BC44-36F3CDFCE990}.Debug|x64.Build.0 = Debug|x64
		{6E41BBA1-9C8B-4D86-BC44-36F3CDFCE990}.Debug|x86.ActiveCfg = Debug|Win32
		{6E41BBA1-9C8B-4D86-BC44-36F3CDFCE990}.Debug|x86.Build.0 = Debug|Win32
		{6E41BBA1-9C8B-4D86-BC44-36F3CDFCE990}.Release|x64.ActiveCfg = Release|x64
		{6E41BBA1-9C8B-4D86-BC44-36F3CDFCE990}.Release|x64.Build.0 = Release|x64
		{6E41BBA1-9C8B-4D86-BC44-36F3CDFCE990}.Release|x86.ActiveCfg = Release|Win32
		{6E41BBA1-9C8B-4D86-BC44-36F3CDFCE990}.Release|x86.Build.0 = Release|Win32
		{E0B52AE7-E160-4D32-BF3F-910B785E5A8E}.Debug|x64.ActiveCfg = Debug|x64
		{E0B52AE7-E160-4D32-BF3F-910B785E5A8E}.Debug|x64.Build.0 = Debug|x64
		{E0B52AE7-E160-4D32-BF3F-910B785E5A8E}.Debug|x86.ActiveCfg = Debug|Win32
		{E0B52AE7-E160-4D32-BF3F-910B785E5A8E}.Debug|x86.Build.0 = Debug|Win32
		{E0B52AE7-E160-4D32-BF3F-910B785E5A8E}.Release|x64.ActiveCfg = Release|x64
		{E0B52AE7-E160-4D32-BF3F-910B785E5A8E}.Release|x64.Build.0 = Release|x64
		{E0B52AE7-E160-4D32-BF3F-910B785E5A8E}.Release|x86.ActiveCfg = Release|Win32
		{E0B52AE7-E160-4D32-BF3F-910B785E5A8E}.Release|x86.Build.0 = Release|Win32
		{5A231191-D010-4203-BEC4-3542EE3B13DA}.Debug|x64.ActiveCfg = Debug|x64
		{5A231191-D010-4203-BEC4-3542EE3B13DA}.Debug|x64.Build.0 = Debug|x64
		{5A231191-D010-4203-BEC4-3542EE3B13DA}.Debug|x86.ActiveCfg = Debug|Win32
		{5A231191-D010-4203-BEC4-3542EE3B13DA}.Debug|x86.Build.0 = Debug|Win32
		{5A231191-D010-4203-BEC4-3542EE3B13DA}.Release|x64.ActiveCfg = Release|x64
		{5A231191-D010-4203-BEC4-3542EE3B13DA}.Release|x64.Build.0 = Release|x64
		{5A231191-D010-4203-BEC4-3542EE3B13DA}.Release|x86.ActiveCfg = Release|Win32
		{5A231191-D010-4203-BEC4-3542EE3B13DA}.Release|x86.Build.0 = Release|Win32
		{3629F01A-6FED-42EB-B308-E9F7F1346EAF}.Debug|x64.ActiveCfg = Debug|x64
		{3629F01A-6FED-42EB-B308-E9F7F1346EAF}.Debug|x64.Build.0 = Debug|x64
		{3629F01A-6FED-42EB-B308-E9F7F1346EAF}.Debug|x86.ActiveCfg = Debug|Win32
		{3629F01A-6FED-42EB-B308-E9F7F1346EAF}.Debug|x86.Build.0 = Debug|Win32
		{3629F01A-6FED-42EB-B308-E9F7F1346EAF}.Release|x64.ActiveCfg = Release|x64
		{3629F01A-6FED-42EB-B308-E9F7F1346EAF}.Release|x64.Build.0 = Release|x64
		{3629F01A-6FED-42EB-B308-E9F7F1346EAF}.Release|x86.ActiveCfg = Release|Win32
		{3629F01A-6FED-42EB-B308-E9F7F1346EAF}.Release|x86.Build.0 = Release|Win32
		{782B02CA-C842-4BAF-9CBA-6FCF68E3E632}.Debug|x64.ActiveCfg = Debug|x64
		{782B02CA-C842-4BAF-9CBA-6FCF68E3E632}.Debug|x64.Build.0 = Debug|x64
		{782B02CA-C842-4BAF-9CBA-6FCF68E3E632}.Debug|x86.ActiveCfg = Debug|Win32
		{782B02CA-C842-4BAF-9CBA-6FCF68E3E632}.Debug|x86.Build.0 = Debug|Win32
		{782B02CA-C842-4BAF-9CBA-6FCF68E3E632}.Release|x64.ActiveCfg = Release|x64
		{782B02CA-C842-4BAF-9CBA-6FCF68E3E632}.Release|x64.Build.0 = Release|x64
		{782B02CA-C842-4BAF-9CBA-6FCF68E3E632}.Release|x86.ActiveCfg = Release|Win32
		{782B02CA-C842-4BAF-9CBA-6FCF68E3E632}.Release|x86.Build.0 = Release|Win32
		{DA1D02E5-5659-4A51-B661-352E73D36383}.Debug|x64.ActiveCfg = Debug|x64
		{DA1D02E5-5659-4A51-B661-352E73D36383}.Debug|x64.Build.0 = Debug|x64
		{DA1D02E5-5659-4A51-B661-352E73D36383}.Debug|x86.ActiveCfg = Debug|Win32
		{DA1D02E5-5659-4A51-B661-352E73D36383}.Debug|x86.Build.0 = Debug|Win32
		{DA1D02E5-5659-4A51-B661-352E73D36383}.Release|x64.ActiveCfg = Release|x64
		{DA1D02E5-5659-4A51-B661-352E73D36383}.Release|x64.Build.0 = Release|x64
		{DA1D02E5-5659-4A51-B661-352E73D36383}.Release|x86.ActiveCfg = Release|Win32
		{DA1D02E5-5659-4A51-B661-352E73D36383}.Release|x86.Build.0 = Release|Win32
		{F7D56E35-F246-47ED-A0B9-F5DE89F5ACAF}.Debug|x64.ActiveCfg = Debug|x64
		{F7D56E35-F246-47ED-A0B9-F5DE89F5ACAF}.Debug|x64.Build.0 = Debug|x64
		{F7D56E35-F246-47ED-A0B9-F5DE89F5ACAF}.Debug|x86.ActiveCfg = Debug|Win32
		{F7D56E35-F246-47ED-A0B9-F5DE89F5ACAF}.Debug|x86.Build.0 = Debug|Win32
		{F7D56E35-F246-47ED-A0B9-F5DE89F5ACAF}.Release|x64.ActiveCfg = Release|x64
		{F7D56E35-F246-47ED-A0B9-F5DE89F5ACAF}.Release|x64.Build.0 = Release|x64
		{F7D56E35-F246-47ED-A0B9-F5DE89F5ACAF}.Release|x86.ActiveCfg = Release|Win32
		{F7D56E35-F246-47ED-A0B9-F5DE89F5ACAF}.Release|x86.Build.0 = Release|Win32
		{52D656A2-A2F4-4C54-A3C7-653427BED1E8}.Debug|x64.ActiveCfg = Debug|x64
		{52D656A2-A2F4-4C54-A3C7-653427BED1E8}.Debug|x64.Build.0 = Debug|x64
		{52D656A2-A2F4-4C54-A3C7-653427BED1E8}.Debug|x86.ActiveCfg = Debug|Win32
		{52D656A2-A2F4-4C54-A3C7-653427BED1E8}.Debug|x86.Build.0 = Debug|Win32
		{52D656A2-A2F4-4C54-A3C7-653427BED1E8}.Release|x64.ActiveCfg = Release|x64
		{52D656A2-A2F4-4C54-A3C7-653427BED1E8}.Release|x64.Build.0 = Release|x64
		{52D656A2-A2F4-4C54-A3C7-653427BED1E8}.Release|x86.ActiveCfg = Release|Win32
		{52D656A2-A2F4-4C54-A3C7-653427BED1E8}.Release|x86.Build.0 = Release|Win32
		{69F96718-B949-4708-98D5-8C114A7259E5}.Debug|x64.ActiveCfg = Debug|x64
		{69F96718-B949-4708-98D5-8C114A7259E5}.Debug|x64.Build.0 = Debug|x64
		{69F96718-B949-4708-98D5-8C114A7259E5}.Debug|x86.ActiveCfg = Debug|Win32
		{69F96718-B949-4708-98D5-8C114A7259E5}.Debug|x86.Build.0 = Debug|Win32
		{69F96718-B949-4708-98D5-8C114A7259E5}.Release|x64.ActiveCfg = Release|x64
		{69F96718-B949-4708-98D5-8C114A7259E5}.Release|x64.Build.0 = Release|x64
		{69F96718-B949-4708-98D5-8C114A7259E5}.Release|x86.ActiveCfg = Release|Win32
		{69F96718-B949-4708-98D5-8C114A7259E5}.Release|x86.Build.0 = Release|Win32
		{3EA25212-5593-4019-AFF4-1596FF94E1B4}.Debug|x64.ActiveCfg = Debug|x64
		{3EA25212-5593-4019-AFF4-1596FF94E1B4}.Debug|x64.Build.0 = Debug|x64
		{3EA25212-5593-4019-AFF4-1596FF94E1B4}.Debug|x86.ActiveCfg = Debug|Win32
		{3EA25212-5593-4019-AFF4-1596FF94E1B4}.Debug|x86.Build.0 = Debug|Win32
		{3EA25212-5593-4019-AFF4-1596FF94E1B4}.Release|x64.ActiveCfg = Release|x64
		{3EA25212-5593-4019-AFF4-1596FF94E1B4}.Release|x64.Build.0 = Release|x64
		{3EA25212-5593-4019-AFF4-1596FF94E1B4}.Release|x86.ActiveCfg = Release|Win32
		{3EA25212-5593-4019-AFF4-1596FF94E1B4}.Release|x86.Build.0 = Release|Win32
		{2E35959C-3808-4425-B869-548857A98AA8}.Debug|x64.ActiveCfg = Debug|x64
		{2E35959C-3808-4425-B869-548857A98AA8}.Debug|x64.Build.0 = Debug|x64
		{2E35959C-3808-4425-B869-548857A98AA8}.Debug|x86.ActiveCfg = Debug|Win32
		{2E35959C-3808-4425-B869-548857A98AA8}.Debug|x86.Build.0 = Debug|Win32
		{2E35959C-3808-4425-B869-548857A98AA8}.Release|x64.ActiveCfg = Release|x64
		{2E35959C-3808-4425-B869-548857A98AA8}.Release|x64.Build.0 = Release|x64
		{2E35959C-3808-4425-B869-548857A98AA8}.Release|x86.ActiveCfg = Release|Win32
		{2E35959C-3808-4425-B869-548857A98AA8}.Release|x86.Build.0 = Release|Win32
		{AA45E2F5-178C-44BE-A7A5-0842B9C8E3D6}.Debug|x64.ActiveCfg = Debug|x64
		{AA45E2F5-178C-44BE-A7A5-0842B9C8E3D6}.Debug|x64.Build.0 = Debug|x64
		{AA45E2F5-178C-44BE-A7A5-0842B9C8E3D6}.Debug|x86.ActiveCfg = Debug|Win32
		{AA45E2F5-178C-44BE-A7A5-0842B9C8E3D6}.Debug|x86.Build.0 = Debug|Win32
		{AA45E2F5-178C-44BE-A7A5-0842B9C8E3D6}.Release|x64.ActiveCfg = Release|x64
		{AA45E2F5-178C-44BE-A7A5-0842B9C8E3D6}.Release|x64.Build.0 = Release|x64
		{AA45E2F5-178C-44BE-A7A5-0842B9C8E3D6}.Release|x86.ActiveCfg = Release|Win32
		{AA45E2F5-178C-44BE-A7A5-0842B9C8E3D6}.Release|x86.Build.0 = Release|Win32
		{B4109BD2-F0AC-4D3D-A324-AD7CBF2876CB}.Debug|x64.ActiveCfg = Debug|x64
		{B4109BD2-F0AC-4D3D-A324-AD7CBF2876CB}.Debug|x64.Build.0 = Debug|x64
		{B4109BD2-F0AC-4D3D-A324-AD7CBF2876CB}.Debug|x86.ActiveCfg = Debug|Win32
		{B4109BD2-F0AC-4D3D-A324-AD7CBF2876CB}.Debug|x86.Build.0 = Debug|Win32
		{B4109BD2-F0AC-4D3D-A324-AD7CBF2876CB}.Release|x64.ActiveCfg = Release|x64
		{B4109BD2-F0AC-4D3D-A324-AD7CBF2876CB}.Release|x64.Build.0 = Release|x64
		{B4109BD2-F0AC-4D3D-A324-AD7CBF2876CB}.Release|x86.ActiveCfg = Release|Win32
		{B4109BD2-F0AC-4D3D-A324-AD7CBF2876CB}.Release|x86.Build.0 = Release|Win32
		{8F1B3A7E-C359-4E7E-B12C-8EA35063ABD8}.Debug|x64.ActiveCfg = Debug|x64
		{8F1B3A7E-C359-4E7E-B12C-8EA35063ABD8}.Debug|x64.Build.0 = Debug|x64
		{8F1B3A7E-C359-4E7E-B12C-8EA35063ABD8}.Debug|x86.ActiveCfg = Debug|Win32
		{8F1B3A7E-C359-4E7E-B12C-8EA35063ABD8}.Debug|x86.Build.0 = Debug|Win32
		{8F1B3A7E-C359-4E7E-B12C-8EA35063ABD8}.Release|x64.ActiveCfg = Release|x64
		{8F1B3A7E-C359-4E7E-B12C-8EA35063ABD8}.Release|x64.Build.0 = Release|x64
		{8F1B3A7E-C359-4E7E-B12C-8EA35063ABD8}.Release|x86.ActiveCfg = Release|Win32
		{8F1B3A7E-C359-4E7E-B12C-8EA35063ABD8}.Release|x86.Build.0 = Release|Win32
		{98CAC53B-A0C3-4BD0-9DBC-C4E107CA3942}.Debug|x64.ActiveCfg = Debug|x64
		{98CAC53B-A0C3-4BD0-9DBC-C4E107CA3942}.Debug|x64.Build.0 = Debug|x64
		{98CAC53B-A0C3-4BD0-9DBC-C4E107CA3942}.Debug|x86.ActiveCfg = Debug|Win32
		{98CAC53B-A0C3-4BD0-9DBC-C4E107CA3942}.Debug|x86.Build.0 = Debug|Win32
		{98CAC53B-A0C3-4BD0-9DBC-C4E107CA3942}.Release|x64.ActiveCfg = Release|x64
		{98CAC53B-A0C3-4BD0-9DBC-C4E107CA3942}.Release|x64.Build.0 = Release|x64
		{98CAC53B-A0C3-4BD0-9DBC-C4E107CA3942}.Release|x86.ActiveCfg = Release|Win32
		{98CAC53B-A0C3-4BD0-9DBC-C4E107CA3942}.Release|x86.Build.0 = Release|Win32
		{9FFA0761-36BB-45CC-ACC2-6604C4FD888C}.Debug|x64.ActiveCfg = Debug|x64
		{9FFA0761-36BB-45CC-ACC2-6604C4FD888C}.Debug|x64.Build.0 = Debug|x64
		{9FFA0761-36BB-45CC-ACC2-6604C4FD888C}.Debug|x86.ActiveCfg = Debug|Win32
		{9FFA0761-36BB-45CC-ACC2-6604C4FD888C}.Debug|x86.Build.0 = Debug|Win32
		{9FFA0761-36BB-45CC-ACC2-6604C4FD888C}.Release|x64.ActiveCfg = Release|x64
		{9FFA0761-36BB-45CC-ACC2-6604C4FD888C}.Release|x64.Build.0 = Release|x64
		{9FFA0761-36BB-45CC-ACC2-6604C4FD888C}.Release|x86.ActiveCfg = Release|Win32
		{9FFA0761-36BB-45CC-ACC2-6604C4FD888C}.Release|x86.Build.0 = Release|Win32
		{CDD13C7D-4DDA-40ED-9898-4C869C81345D}.Debug|x64.ActiveCfg = Debug|x64
		{CDD13C7D-4DDA-40ED-9898-4C869C81345D}.Debug|x64.Build.0 = Debug|x64
		{CDD13C7D-4DDA-40ED-9898-4C869C81345D}.Debug|x86.ActiveCfg = Debug|Win32
		{CDD13C7D-4DDA-40ED-9898-4C869C81345D}.Debug|x86.Build.0 = Debug|Win32
		{CDD13C7D-4DDA-40ED-9898-4C869C81345D}.Release|x64.ActiveCfg = Release|x64
		{CDD13C7D-4DDA-40ED-9898-4C869C81345D}.Release|x64.Build.0 = Release|x64
		{CDD13C7D-4DDA-40ED-9898-4C869C81345D}.Release|x86.ActiveCfg = Release|Win32
		{CDD13C7D-4DDA-40ED-9898-4C869C81345D}.Release|x86.Build.0 = Release|Win32
		{8A6A5622-0466-41EB-A086-87BE4B09F40E}.Debug|x64.ActiveCfg = Debug|x64
		{8A6A5622-0466-41EB-A086-87BE4B09F40E}.Debug|x64.Build.0 = Debug|x64
		{8A6A5622-0466-41EB-A086-87BE4B09F40E}.Debug|x86.ActiveCfg = Debug|Win32
		{8A6A5622-0466-41EB-A086-87BE4B09F40E}.Debug|x86.Build.0 = Debug|Win32
		{8A6A5622-0466-41EB-A086-87BE4B09F40E}.Release|x64.ActiveCfg = Release|x64
		{8A6A5622-0466-41EB-A086-87BE4B09F40E}.Release|x64.Build.0 = Release|x64
		{8A6A5622-0466-41EB-A086-87BE4B09F40E}.Release|x86.ActiveCfg = Release|Win32
		{8A6A5622-0466-41EB-A086-87BE4B09F40E}.Release|x86.Build.0 = Release|Win32
		{D3B1C08E-1FF4-428B-9C9D-B543A8F28956}.Debug|x64.ActiveCfg = Debug|x64
		{D3B1C08E-1FF4-428B-9C9D-B543A8F28956}.Debug|x64.Build.0 = Debug|x64
		{D3B1C08E-1FF4-428B-9C9D-B543A8F28956}.Debug|x86.ActiveCfg = Debug|Win32
		{D3B1C08E-1FF4-428B-9C9D-B543A8F28956}.Debug|x86.Build.0 = Debug|Win32
		{D3B1C08E-1FF4-428B-9C9D-B543A8F28956}.Release|x64.ActiveCfg = Release|x64
		{D3B1C08E-1FF4-428B-9C9D-B543A8F28956}.Release|x64.Build.0 = Release|x64
		{D3B1C08E-1FF4-428B-9C9D-B543A8F28956}.Release|x86.ActiveCfg = Release|Win32
		{D3B1C08E-1FF4-428B-9C9D-B543A8F28956}.Release|x86.Build.0 = Release|Win32
	EndGlobalSection
	GlobalSection(SolutionProperties) = preSolution
		HideSolutionNode = FALSE
	EndGlobalSection
	GlobalSection(NestedProjects) = preSolution
		{22A4014B-8A83-4350-B984-1BDF5D2B32E4} = {D68E184D-61DF-48FD-8CBB-C38DF824DF3D}
		{17E01DDC-FCB2-4CCF-B7AB-32E3EB61CCF9} = {DEF9AA60-C1B4-40DC-8D4F-7ECB194700F2}
		{699DD0EE-0335-44D8-BECD-7ED7238547C6} = {88BEFF1A-E01C-4301-9AD2-C9CC6AFA2523}
		{6E41BBA1-9C8B-4D86-BC44-36F3CDFCE990} = {D68E184D-61DF-48FD-8CBB-C38DF824DF3D}
		{E0B52AE7-E160-4D32-BF3F-910B785E5A8E} = {60365D82-4028-484A-9A45-7A2FB8180AE2}
		{5A231191-D010-4203-BEC4-3542EE3B13DA} = {D68E184D-61DF-48FD-8CBB-C38DF824DF3D}
		{3629F01A-6FED-42EB-B308-E9F7F1346EAF} = {D68E184D-61DF-48FD-8CBB-C38DF824DF3D}
		{782B02CA-C842-4BAF-9CBA-6FCF68E3E632} = {DEF9AA60-C1B4-40DC-8D4F-7ECB194700F2}
		{C289C4CC-A6CF-4B73-B6F9-7A4B58AEE2C6} = {DBDAF0CE-833D-4A1F-92A2-2F52DB6B3BEB}
		{DA1D02E5-5659-4A51-B661-352E73D36383} = {DEF9AA60-C1B4-40DC-8D4F-7ECB194700F2}
		{F7D56E35-F246-47ED-A0B9-F5DE89F5ACAF} = {DEF9AA60-C1B4-40DC-8D4F-7ECB194700F2}
		{52D656A2-A2F4-4C54-A3C7-653427BED1E8} = {60365D82-4028-484A-9A45-7A2FB8180AE2}
		{69F96718-B949-4708-98D5-8C114A7259E5} = {DEF9AA60-C1B4-40DC-8D4F-7ECB194700F2}
		{3EA25212-5593-4019-AFF4-1596FF94E1B4} = {DEF9AA60-C1B4-40DC-8D4F-7ECB194700F2}
		{2E35959C-3808-4425-B869-548857A98AA8} = {DEF9AA60-C1B4-40DC-8D4F-7ECB194700F2}
		{AA45E2F5-178C-44BE-A7A5-0842B9C8E3D6} = {DEF9AA60-C1B4-40DC-8D4F-7ECB194700F2}
		{B4109BD2-F0AC-4D3D-A324-AD7CBF2876CB} = {34FD6C7F-77EB-4B1B-B900-5700AEF59AEA}
		{8F1B3A7E-C359-4E7E-B12C-8EA35063ABD8} = {34FD6C7F-77EB-4B1B-B900-5700AEF59AEA}
		{98CAC53B-A0C3-4BD0-9DBC-C4E107CA3942} = {7E842648-E17B-48BC-8C6C-3DF22CFB4866}
		{9FFA0761-36BB-45CC-ACC2-6604C4FD888C} = {34FD6C7F-77EB-4B1B-B900-5700AEF59AEA}
		{CDD13C7D-4DDA-40ED-9898-4C869C81345D} = {34FD6C7F-77EB-4B1B-B900-5700AEF59AEA}
		{8A6A5622-0466-41EB-A086-87BE4B09F40E} = {34FD6C7F-77EB-4B1B-B900-5700AEF59AEA}
		{D3B1C08E-1FF4-428B-9C9D-B543A8F28956} = {34FD6C7F-77EB-4B1B-B900-5700AEF59AEA}
	EndGlobalSection
	GlobalSection(ExtensibilityGlobals) = postSolution
		SolutionGuid = {279AE65E-A07D-40CA-ABE3-57D160FAA0EC}
	EndGlobalSection
EndGlobal
